
Microsoft Visual Studio Solution File, Format Version 12.00
# Visual Studio 2012
Project("{2150E333-8FDC-42A3-9474-1A3956D46DE8}") = "序列化", "序列化", "{BE2A5B40-F8D5-4F4D-BD3A-3EE679D01192}"
EndProject
Project("{FAE04EC0-301F-11D3-BF4B-00C04F79EFBC}") = "ProtoBuf序列化工具", "ConsoleApplication1\ProtoBuf序列化工具.csproj", "{F0FB637B-D7A8-4C0D-BB81-0D604E4E4962}"
EndProject
Project("{2150E333-8FDC-42A3-9474-1A3956D46DE8}") = "枚举相关", "枚举相关", "{7E29A887-BB9D-4F72-8619-8BE7C215DC71}"
EndProject
Project("{FAE04EC0-301F-11D3-BF4B-00C04F79EFBC}") = "WFEnum(检索指定枚举中数值的数组)", "WFEnum(检索指定枚举中数值的数组)\WFEnum(检索指定枚举中数值的数组).csproj", "{AA18BF09-26BD-40A7-9B39-9F6F92E96CB9}"
EndProject
Project("{2150E333-8FDC-42A3-9474-1A3956D46DE8}") = "静态字段的意义", "静态字段的意义", "{B0A3D553-0E46-4437-9E91-9B1096FF21AF}"
EndProject
Project("{FAE04EC0-301F-11D3-BF4B-00C04F79EFBC}") = "WFStatic", "WFStatic\WFStatic.csproj", "{7B25153D-7351-4378-9A32-04D7F5E62053}"
EndProject
Project("{FAE04EC0-301F-11D3-BF4B-00C04F79EFBC}") = "HL.Collection.Base.Tuble", "HL.Collection.Base.Tuble\HL.Collection.Base.Tuble.csproj", "{D9C3721C-A2E0-495F-B8E4-FB2A29EC19EB}"
EndProject
Project("{FAE04EC0-301F-11D3-BF4B-00C04F79EFBC}") = "HL.Collection.Base.Parallel", "HL.Collection.Base.Parallel\HL.Collection.Base.Parallel.csproj", "{33833717-00B7-4014-82C7-A1CDB6AA35FD}"
EndProject
Project("{FAE04EC0-301F-11D3-BF4B-00C04F79EFBC}") = "HL.Collection.Base.wpfParallel", "HL.Collection.Base.wpfParallel\HL.Collection.Base.wpfParallel.csproj", "{80AD95FD-0F12-46D9-A000-18D8A22FA180}"
EndProject
Project("{2150E333-8FDC-42A3-9474-1A3956D46DE8}") = "网络", "网络", "{9829393E-0D04-4E29-B5A6-E36D36AD6208}"
EndProject
Project("{FAE04EC0-301F-11D3-BF4B-00C04F79EFBC}") = "HL.Collection.Base.Http", "HL.Collection.Base.Http\HL.Collection.Base.Http.csproj", "{F0EC2041-5572-4285-B6EF-2838F07B05F2}"
EndProject
Project("{FAE04EC0-301F-11D3-BF4B-00C04F79EFBC}") = "BuffConvert", "BuffConvert\BuffConvert.csproj", "{DAC1B498-9D46-42D3-B8D4-727341C341F0}"
EndProject
Project("{FAE04EC0-301F-11D3-BF4B-00C04F79EFBC}") = "HL.Collection.Base.SocketConsoleServer", "HL.Collection.Base.SocketConsoleServer\HL.Collection.Base.SocketConsoleServer.csproj", "{583E7BC5-45F5-4A89-9FF6-BD2BD2EAA9B8}"
EndProject
Project("{FAE04EC0-301F-11D3-BF4B-00C04F79EFBC}") = "HL.Collection.Base.SocketConsoleClient", "HL.Collection.Base.SocketConsoleClient\HL.Collection.Base.SocketConsoleClient.csproj", "{7E656BA8-6918-4CBF-9844-4126EBC8983E}"
EndProject
Project("{2150E333-8FDC-42A3-9474-1A3956D46DE8}") = "本地化", "本地化", "{F9F1734B-5A0C-4E17-9325-5DAE20ED4DAF}"
EndProject
Project("{FAE04EC0-301F-11D3-BF4B-00C04F79EFBC}") = "HL.Collection.Base.Localization", "HL.Collection.Base.Localization\HL.Collection.Base.Localization.csproj", "{2630ACAC-D617-4C74-A0A6-A126D653DC0A}"
EndProject
Project("{2150E333-8FDC-42A3-9474-1A3956D46DE8}") = "控件", "控件", "{4274080D-86C8-4284-8AF3-E9AD874D11E7}"
EndProject
Project("{FAE04EC0-301F-11D3-BF4B-00C04F79EFBC}") = "WindowsFormsApplication1", "WindowsFormsApplication1\WindowsFormsApplication1.csproj", "{9D5B79EB-0105-4050-AA74-D2B8CBE1AE8F}"
EndProject
Project("{FAE04EC0-301F-11D3-BF4B-00C04F79EFBC}") = "ClassLibrary1", "ClassLibrary1\ClassLibrary1.csproj", "{A9687757-7639-4B23-8E40-219E1252B367}"
EndProject
Project("{FAE04EC0-301F-11D3-BF4B-00C04F79EFBC}") = "XMLSerialization", "XMLSerialization\XMLSerialization.csproj", "{B3018C3C-91AE-4880-8A38-086CCE4D7D28}"
EndProject
Global
	GlobalSection(SolutionConfigurationPlatforms) = preSolution
		Debug|Any CPU = Debug|Any CPU
		Release|Any CPU = Release|Any CPU
	EndGlobalSection
	GlobalSection(ProjectConfigurationPlatforms) = postSolution
		{F0FB637B-D7A8-4C0D-BB81-0D604E4E4962}.Debug|Any CPU.ActiveCfg = Debug|Any CPU
		{F0FB637B-D7A8-4C0D-BB81-0D604E4E4962}.Debug|Any CPU.Build.0 = Debug|Any CPU
		{F0FB637B-D7A8-4C0D-BB81-0D604E4E4962}.Release|Any CPU.ActiveCfg = Release|Any CPU
		{F0FB637B-D7A8-4C0D-BB81-0D604E4E4962}.Release|Any CPU.Build.0 = Release|Any CPU
		{AA18BF09-26BD-40A7-9B39-9F6F92E96CB9}.Debug|Any CPU.ActiveCfg = Debug|Any CPU
		{AA18BF09-26BD-40A7-9B39-9F6F92E96CB9}.Debug|Any CPU.Build.0 = Debug|Any CPU
		{AA18BF09-26BD-40A7-9B39-9F6F92E96CB9}.Release|Any CPU.ActiveCfg = Release|Any CPU
		{AA18BF09-26BD-40A7-9B39-9F6F92E96CB9}.Release|Any CPU.Build.0 = Release|Any CPU
		{7B25153D-7351-4378-9A32-04D7F5E62053}.Debug|Any CPU.ActiveCfg = Debug|Any CPU
		{7B25153D-7351-4378-9A32-04D7F5E62053}.Debug|Any CPU.Build.0 = Debug|Any CPU
		{7B25153D-7351-4378-9A32-04D7F5E62053}.Release|Any CPU.ActiveCfg = Release|Any CPU
		{7B25153D-7351-4378-9A32-04D7F5E62053}.Release|Any CPU.Build.0 = Release|Any CPU
		{D9C3721C-A2E0-495F-B8E4-FB2A29EC19EB}.Debug|Any CPU.ActiveCfg = Debug|Any CPU
		{D9C3721C-A2E0-495F-B8E4-FB2A29EC19EB}.Debug|Any CPU.Build.0 = Debug|Any CPU
		{D9C3721C-A2E0-495F-B8E4-FB2A29EC19EB}.Release|Any CPU.ActiveCfg = Release|Any CPU
		{D9C3721C-A2E0-495F-B8E4-FB2A29EC19EB}.Release|Any CPU.Build.0 = Release|Any CPU
		{33833717-00B7-4014-82C7-A1CDB6AA35FD}.Debug|Any CPU.ActiveCfg = Debug|Any CPU
		{33833717-00B7-4014-82C7-A1CDB6AA35FD}.Debug|Any CPU.Build.0 = Debug|Any CPU
		{33833717-00B7-4014-82C7-A1CDB6AA35FD}.Release|Any CPU.ActiveCfg = Release|Any CPU
		{33833717-00B7-4014-82C7-A1CDB6AA35FD}.Release|Any CPU.Build.0 = Release|Any CPU
		{80AD95FD-0F12-46D9-A000-18D8A22FA180}.Debug|Any CPU.ActiveCfg = Debug|Any CPU
		{80AD95FD-0F12-46D9-A000-18D8A22FA180}.Debug|Any CPU.Build.0 = Debug|Any CPU
		{80AD95FD-0F12-46D9-A000-18D8A22FA180}.Release|Any CPU.ActiveCfg = Release|Any CPU
		{80AD95FD-0F12-46D9-A000-18D8A22FA180}.Release|Any CPU.Build.0 = Release|Any CPU
		{F0EC2041-5572-4285-B6EF-2838F07B05F2}.Debug|Any CPU.ActiveCfg = Debug|Any CPU
		{F0EC2041-5572-4285-B6EF-2838F07B05F2}.Debug|Any CPU.Build.0 = Debug|Any CPU
		{F0EC2041-5572-4285-B6EF-2838F07B05F2}.Release|Any CPU.ActiveCfg = Release|Any CPU
		{F0EC2041-5572-4285-B6EF-2838F07B05F2}.Release|Any CPU.Build.0 = Release|Any CPU
		{DAC1B498-9D46-42D3-B8D4-727341C341F0}.Debug|Any CPU.ActiveCfg = Debug|Any CPU
		{DAC1B498-9D46-42D3-B8D4-727341C341F0}.Debug|Any CPU.Build.0 = Debug|Any CPU
		{DAC1B498-9D46-42D3-B8D4-727341C341F0}.Release|Any CPU.ActiveCfg = Release|Any CPU
		{DAC1B498-9D46-42D3-B8D4-727341C341F0}.Release|Any CPU.Build.0 = Release|Any CPU
		{583E7BC5-45F5-4A89-9FF6-BD2BD2EAA9B8}.Debug|Any CPU.ActiveCfg = Debug|Any CPU
		{583E7BC5-45F5-4A89-9FF6-BD2BD2EAA9B8}.Debug|Any CPU.Build.0 = Debug|Any CPU
		{583E7BC5-45F5-4A89-9FF6-BD2BD2EAA9B8}.Release|Any CPU.ActiveCfg = Release|Any CPU
		{583E7BC5-45F5-4A89-9FF6-BD2BD2EAA9B8}.Release|Any CPU.Build.0 = Release|Any CPU
		{7E656BA8-6918-4CBF-9844-4126EBC8983E}.Debug|Any CPU.ActiveCfg = Debug|Any CPU
		{7E656BA8-6918-4CBF-9844-4126EBC8983E}.Debug|Any CPU.Build.0 = Debug|Any CPU
		{7E656BA8-6918-4CBF-9844-4126EBC8983E}.Release|Any CPU.ActiveCfg = Release|Any CPU
		{7E656BA8-6918-4CBF-9844-4126EBC8983E}.Release|Any CPU.Build.0 = Release|Any CPU
		{2630ACAC-D617-4C74-A0A6-A126D653DC0A}.Debug|Any CPU.ActiveCfg = Debug|Any CPU
		{2630ACAC-D617-4C74-A0A6-A126D653DC0A}.Debug|Any CPU.Build.0 = Debug|Any CPU
		{2630ACAC-D617-4C74-A0A6-A126D653DC0A}.Release|Any CPU.ActiveCfg = Release|Any CPU
		{2630ACAC-D617-4C74-A0A6-A126D653DC0A}.Release|Any CPU.Build.0 = Release|Any CPU
		{9D5B79EB-0105-4050-AA74-D2B8CBE1AE8F}.Debug|Any CPU.ActiveCfg = Debug|Any CPU
		{9D5B79EB-0105-4050-AA74-D2B8CBE1AE8F}.Debug|Any CPU.Build.0 = Debug|Any CPU
		{9D5B79EB-0105-4050-AA74-D2B8CBE1AE8F}.Release|Any CPU.ActiveCfg = Release|Any CPU
		{9D5B79EB-0105-4050-AA74-D2B8CBE1AE8F}.Release|Any CPU.Build.0 = Release|Any CPU
		{A9687757-7639-4B23-8E40-219E1252B367}.Debug|Any CPU.ActiveCfg = Debug|Any CPU
		{A9687757-7639-4B23-8E40-219E1252B367}.Debug|Any CPU.Build.0 = Debug|Any CPU
		{A9687757-7639-4B23-8E40-219E1252B367}.Release|Any CPU.ActiveCfg = Release|Any CPU
		{A9687757-7639-4B23-8E40-219E1252B367}.Release|Any CPU.Build.0 = Release|Any CPU
		{B3018C3C-91AE-4880-8A38-086CCE4D7D28}.Debug|Any CPU.ActiveCfg = Debug|Any CPU
		{B3018C3C-91AE-4880-8A38-086CCE4D7D28}.Debug|Any CPU.Build.0 = Debug|Any CPU
		{B3018C3C-91AE-4880-8A38-086CCE4D7D28}.Release|Any CPU.ActiveCfg = Release|Any CPU
		{B3018C3C-91AE-4880-8A38-086CCE4D7D28}.Release|Any CPU.Build.0 = Release|Any CPU
	EndGlobalSection
	GlobalSection(SolutionProperties) = preSolution
		HideSolutionNode = FALSE
	EndGlobalSection
	GlobalSection(NestedProjects) = preSolution
		{F0FB637B-D7A8-4C0D-BB81-0D604E4E4962} = {BE2A5B40-F8D5-4F4D-BD3A-3EE679D01192}
		{DAC1B498-9D46-42D3-B8D4-727341C341F0} = {BE2A5B40-F8D5-4F4D-BD3A-3EE679D01192}
		{B3018C3C-91AE-4880-8A38-086CCE4D7D28} = {BE2A5B40-F8D5-4F4D-BD3A-3EE679D01192}
		{AA18BF09-26BD-40A7-9B39-9F6F92E96CB9} = {7E29A887-BB9D-4F72-8619-8BE7C215DC71}
		{7B25153D-7351-4378-9A32-04D7F5E62053} = {B0A3D553-0E46-4437-9E91-9B1096FF21AF}
		{F0EC2041-5572-4285-B6EF-2838F07B05F2} = {9829393E-0D04-4E29-B5A6-E36D36AD6208}
		{583E7BC5-45F5-4A89-9FF6-BD2BD2EAA9B8} = {9829393E-0D04-4E29-B5A6-E36D36AD6208}
		{7E656BA8-6918-4CBF-9844-4126EBC8983E} = {9829393E-0D04-4E29-B5A6-E36D36AD6208}
		{2630ACAC-D617-4C74-A0A6-A126D653DC0A} = {F9F1734B-5A0C-4E17-9325-5DAE20ED4DAF}
		{9D5B79EB-0105-4050-AA74-D2B8CBE1AE8F} = {4274080D-86C8-4284-8AF3-E9AD874D11E7}
		{A9687757-7639-4B23-8E40-219E1252B367} = {4274080D-86C8-4284-8AF3-E9AD874D11E7}
	EndGlobalSection
EndGlobal
